
Microsoft Visual Studio Solution File, Format Version 12.00
# Visual Studio 15
VisualStudioVersion = 15.0.27703.2042
MinimumVisualStudioVersion = 10.0.40219.1
Project("{FAE04EC0-301F-11D3-BF4B-00C04F79EFBC}") = "[OLC1]Proyecto2_201700343", "[OLC1]Proyecto2_201700343\[OLC1]Proyecto2_201700343.csproj", "{119BF841-7B08-4C52-B0A2-6CAC1F84ADE2}"
EndProject
Global
	GlobalSection(SolutionConfigurationPlatforms) = preSolution
		Debug|Any CPU = Debug|Any CPU
		Release|Any CPU = Release|Any CPU
	EndGlobalSection
	GlobalSection(ProjectConfigurationPlatforms) = postSolution
		{119BF841-7B08-4C52-B0A2-6CAC1F84ADE2}.Debug|Any CPU.ActiveCfg = Debug|Any CPU
		{119BF841-7B08-4C52-B0A2-6CAC1F84ADE2}.Debug|Any CPU.Build.0 = Debug|Any CPU
		{119BF841-7B08-4C52-B0A2-6CAC1F84ADE2}.Release|Any CPU.ActiveCfg = Release|Any CPU
		{119BF841-7B08-4C52-B0A2-6CAC1F84ADE2}.Release|Any CPU.Build.0 = Release|Any CPU
	EndGlobalSection
	GlobalSection(SolutionProperties) = preSolution
		HideSolutionNode = FALSE
	EndGlobalSection
	GlobalSection(ExtensibilityGlobals) = postSolution
		SolutionGuid = {A63804FD-3792-4BB7-84C8-7789BC7CF1D4}
	EndGlobalSection
EndGlobal
